// !$*UTF8*$!
{
	archiveVersion = 1;
	classes = {
	};
	objectVersion = 50;
	objects = {

/* Begin PBXBuildFile section */
		0F4B3AF8250B532600BCB556 /* IconsView.swift in Sources */ = {isa = PBXBuildFile; fileRef = 0F4B3AF7250B532600BCB556 /* IconsView.swift */; };
		0F68F0FD250B55ED007C0614 /* IllustrationsView.swift in Sources */ = {isa = PBXBuildFile; fileRef = 0F68F0FC250B55ED007C0614 /* IllustrationsView.swift */; };
		0F68F0FF250B58C4007C0614 /* TabStackedView.swift in Sources */ = {isa = PBXBuildFile; fileRef = 0F68F0FE250B58C4007C0614 /* TabStackedView.swift */; };
		0F8F6C8E250A539F00879906 /* AppDelegate.swift in Sources */ = {isa = PBXBuildFile; fileRef = 0F8F6C8D250A539F00879906 /* AppDelegate.swift */; };
		0F8F6C90250A539F00879906 /* SceneDelegate.swift in Sources */ = {isa = PBXBuildFile; fileRef = 0F8F6C8F250A539F00879906 /* SceneDelegate.swift */; };
		0F8F6C92250A539F00879906 /* ContentView.swift in Sources */ = {isa = PBXBuildFile; fileRef = 0F8F6C91250A539F00879906 /* ContentView.swift */; };
		0F8F6C94250A53A100879906 /* Assets.xcassets in Resources */ = {isa = PBXBuildFile; fileRef = 0F8F6C93250A53A100879906 /* Assets.xcassets */; };
		0F8F6C97250A53A100879906 /* Preview Assets.xcassets in Resources */ = {isa = PBXBuildFile; fileRef = 0F8F6C96250A53A100879906 /* Preview Assets.xcassets */; };
		0F8F6C9A250A53A100879906 /* LaunchScreen.storyboard in Resources */ = {isa = PBXBuildFile; fileRef = 0F8F6C98250A53A100879906 /* LaunchScreen.storyboard */; };
		0F8F6CA6250A57B100879906 /* ColorsView.swift in Sources */ = {isa = PBXBuildFile; fileRef = 0F8F6CA5250A57B100879906 /* ColorsView.swift */; };
		0F8F6CA8250A58D900879906 /* TypographyView.swift in Sources */ = {isa = PBXBuildFile; fileRef = 0F8F6CA7250A58D900879906 /* TypographyView.swift */; };
		0FD3867F250A837A00877D7D /* PTSans-Regular.ttf in Resources */ = {isa = PBXBuildFile; fileRef = 0FD3867D250A837A00877D7D /* PTSans-Regular.ttf */; };
		0FD38680250A837A00877D7D /* PTSans-Bold.ttf in Resources */ = {isa = PBXBuildFile; fileRef = 0FD3867E250A837A00877D7D /* PTSans-Bold.ttf */; };
		1BA6134043D6FD7EDB959061 /* Font+extension.swift in Sources */ = {isa = PBXBuildFile; fileRef = F46D3C0811B8FEE79BAE1E23 /* Font+extension.swift */; };
		24F06108CD0560C1B6FAD358 /* UIFont+extension.swift in Sources */ = {isa = PBXBuildFile; fileRef = A89C77EDA6310E1225EA3505 /* UIFont+extension.swift */; };
		342F3977C58BAF392D6B502A /* Image+extension_icons.swift in Sources */ = {isa = PBXBuildFile; fileRef = 9699B6B4BC5AE70448B60F91 /* Image+extension_icons.swift */; };
		46B8556D7CB9F7CA5DD7E907 /* Color+extension.swift in Sources */ = {isa = PBXBuildFile; fileRef = 5EF2480241C69680DE1DB6C9 /* Color+extension.swift */; };
		741C67006CF7E203FB756591 /* UIColor+extension.swift in Sources */ = {isa = PBXBuildFile; fileRef = 6D7F7A1CCA8185878CE03381 /* UIColor+extension.swift */; };
		97E840BB2F4996C49195DBF7 /* Image+extension_illustrations.swift in Sources */ = {isa = PBXBuildFile; fileRef = 74A76F1224A08E5793977374 /* Image+extension_illustrations.swift */; };
		9987473D454F00255EB04D48 /* Pods_ExampleSwiftUI.framework in Frameworks */ = {isa = PBXBuildFile; fileRef = DA37F45E22AC1BFA63734CC5 /* Pods_ExampleSwiftUI.framework */; };
/* End PBXBuildFile section */

/* Begin PBXFileReference section */
		0F4B3AF7250B532600BCB556 /* IconsView.swift */ = {isa = PBXFileReference; lastKnownFileType = sourcecode.swift; path = IconsView.swift; sourceTree = "<group>"; };
		0F68F0FC250B55ED007C0614 /* IllustrationsView.swift */ = {isa = PBXFileReference; lastKnownFileType = sourcecode.swift; path = IllustrationsView.swift; sourceTree = "<group>"; };
		0F68F0FE250B58C4007C0614 /* TabStackedView.swift */ = {isa = PBXFileReference; lastKnownFileType = sourcecode.swift; path = TabStackedView.swift; sourceTree = "<group>"; };
		0F8F6C8A250A539F00879906 /* ExampleSwiftUI.app */ = {isa = PBXFileReference; explicitFileType = wrapper.application; includeInIndex = 0; path = ExampleSwiftUI.app; sourceTree = BUILT_PRODUCTS_DIR; };
		0F8F6C8D250A539F00879906 /* AppDelegate.swift */ = {isa = PBXFileReference; lastKnownFileType = sourcecode.swift; path = AppDelegate.swift; sourceTree = "<group>"; };
		0F8F6C8F250A539F00879906 /* SceneDelegate.swift */ = {isa = PBXFileReference; lastKnownFileType = sourcecode.swift; path = SceneDelegate.swift; sourceTree = "<group>"; };
		0F8F6C91250A539F00879906 /* ContentView.swift */ = {isa = PBXFileReference; lastKnownFileType = sourcecode.swift; path = ContentView.swift; sourceTree = "<group>"; };
		0F8F6C93250A53A100879906 /* Assets.xcassets */ = {isa = PBXFileReference; lastKnownFileType = folder.assetcatalog; path = Assets.xcassets; sourceTree = "<group>"; };
		0F8F6C96250A53A100879906 /* Preview Assets.xcassets */ = {isa = PBXFileReference; lastKnownFileType = folder.assetcatalog; path = "Preview Assets.xcassets"; sourceTree = "<group>"; };
		0F8F6C99250A53A100879906 /* Base */ = {isa = PBXFileReference; lastKnownFileType = file.storyboard; name = Base; path = Base.lproj/LaunchScreen.storyboard; sourceTree = "<group>"; };
		0F8F6C9B250A53A100879906 /* Info.plist */ = {isa = PBXFileReference; lastKnownFileType = text.plist.xml; path = Info.plist; sourceTree = "<group>"; };
		0F8F6CA5250A57B100879906 /* ColorsView.swift */ = {isa = PBXFileReference; lastKnownFileType = sourcecode.swift; path = ColorsView.swift; sourceTree = "<group>"; };
		0F8F6CA7250A58D900879906 /* TypographyView.swift */ = {isa = PBXFileReference; lastKnownFileType = sourcecode.swift; path = TypographyView.swift; sourceTree = "<group>"; };
		0FD3867D250A837A00877D7D /* PTSans-Regular.ttf */ = {isa = PBXFileReference; lastKnownFileType = file; path = "PTSans-Regular.ttf"; sourceTree = "<group>"; };
		0FD3867E250A837A00877D7D /* PTSans-Bold.ttf */ = {isa = PBXFileReference; lastKnownFileType = file; path = "PTSans-Bold.ttf"; sourceTree = "<group>"; };
		5EF2480241C69680DE1DB6C9 /* Color+extension.swift */ = {isa = PBXFileReference; explicitFileType = sourcecode.swift; fileEncoding = 4; lastKnownFileType = sourcecode.swift; name = "Color+extension.swift"; path = "Color+extension.swift"; sourceTree = "<group>"; };
		6D7F7A1CCA8185878CE03381 /* UIColor+extension.swift */ = {isa = PBXFileReference; explicitFileType = sourcecode.swift; fileEncoding = 4; lastKnownFileType = sourcecode.swift; name = "UIColor+extension.swift"; path = "UIColor+extension.swift"; sourceTree = "<group>"; };
		74A76F1224A08E5793977374 /* Image+extension_illustrations.swift */ = {isa = PBXFileReference; explicitFileType = sourcecode.swift; fileEncoding = 4; lastKnownFileType = sourcecode.swift; name = "Image+extension_illustrations.swift"; path = "Image+extension_illustrations.swift"; sourceTree = "<group>"; };
		9699B6B4BC5AE70448B60F91 /* Image+extension_icons.swift */ = {isa = PBXFileReference; explicitFileType = sourcecode.swift; fileEncoding = 4; lastKnownFileType = sourcecode.swift; name = "Image+extension_icons.swift"; path = "Image+extension_icons.swift"; sourceTree = "<group>"; };
		A89C77EDA6310E1225EA3505 /* UIFont+extension.swift */ = {isa = PBXFileReference; explicitFileType = sourcecode.swift; fileEncoding = 4; lastKnownFileType = sourcecode.swift; name = "UIFont+extension.swift"; path = "UIFont+extension.swift"; sourceTree = "<group>"; };
		AC8C22E8BA371578896E49F3 /* Pods-ExampleSwiftUI.release.xcconfig */ = {isa = PBXFileReference; includeInIndex = 1; lastKnownFileType = text.xcconfig; name = "Pods-ExampleSwiftUI.release.xcconfig"; path = "Target Support Files/Pods-ExampleSwiftUI/Pods-ExampleSwiftUI.release.xcconfig"; sourceTree = "<group>"; };
		D0E8661B3837E2164E3CDF6F /* Pods-ExampleSwiftUI.debug.xcconfig */ = {isa = PBXFileReference; includeInIndex = 1; lastKnownFileType = text.xcconfig; name = "Pods-ExampleSwiftUI.debug.xcconfig"; path = "Target Support Files/Pods-ExampleSwiftUI/Pods-ExampleSwiftUI.debug.xcconfig"; sourceTree = "<group>"; };
		DA37F45E22AC1BFA63734CC5 /* Pods_ExampleSwiftUI.framework */ = {isa = PBXFileReference; explicitFileType = wrapper.framework; includeInIndex = 0; path = Pods_ExampleSwiftUI.framework; sourceTree = BUILT_PRODUCTS_DIR; };
		F46D3C0811B8FEE79BAE1E23 /* Font+extension.swift */ = {isa = PBXFileReference; explicitFileType = sourcecode.swift; fileEncoding = 4; lastKnownFileType = sourcecode.swift; name = "Font+extension.swift"; path = "Font+extension.swift"; sourceTree = "<group>"; };
/* End PBXFileReference section */

/* Begin PBXFrameworksBuildPhase section */
		0F8F6C87250A539F00879906 /* Frameworks */ = {
			isa = PBXFrameworksBuildPhase;
			buildActionMask = 2147483647;
			files = (
				9987473D454F00255EB04D48 /* Pods_ExampleSwiftUI.framework in Frameworks */,
			);
			runOnlyForDeploymentPostprocessing = 0;
		};
/* End PBXFrameworksBuildPhase section */

/* Begin PBXGroup section */
		0F4B3AF6250B530500BCB556 /* Tab */ = {
			isa = PBXGroup;
			children = (
				0F68F0FE250B58C4007C0614 /* TabStackedView.swift */,
				0F8F6CA5250A57B100879906 /* ColorsView.swift */,
				0F68F0FC250B55ED007C0614 /* IllustrationsView.swift */,
				0F4B3AF7250B532600BCB556 /* IconsView.swift */,
				0F8F6CA7250A58D900879906 /* TypographyView.swift */,
			);
			path = Tab;
			sourceTree = "<group>";
		};
		0F8F6C81250A539F00879906 = {
			isa = PBXGroup;
			children = (
				0F8F6C8C250A539F00879906 /* ExampleSwiftUI */,
				0F8F6C8B250A539F00879906 /* Products */,
				2A604A12EEBA8EC6B46D951E /* Pods */,
				755890E0234C4FCFF90E44FE /* Frameworks */,
			);
			sourceTree = "<group>";
		};
		0F8F6C8B250A539F00879906 /* Products */ = {
			isa = PBXGroup;
			children = (
				0F8F6C8A250A539F00879906 /* ExampleSwiftUI.app */,
			);
			name = Products;
			sourceTree = "<group>";
		};
		0F8F6C8C250A539F00879906 /* ExampleSwiftUI */ = {
			isa = PBXGroup;
			children = (
				0FD38683250A9D2200877D7D /* Resources */,
				0F8F6CA1250A53F400879906 /* View */,
				0F8F6C8D250A539F00879906 /* AppDelegate.swift */,
				0F8F6C8F250A539F00879906 /* SceneDelegate.swift */,
				0F8F6C98250A53A100879906 /* LaunchScreen.storyboard */,
				0F8F6C9B250A53A100879906 /* Info.plist */,
				0F8F6C95250A53A100879906 /* Preview Content */,
			);
			path = ExampleSwiftUI;
			sourceTree = "<group>";
		};
		0F8F6C95250A53A100879906 /* Preview Content */ = {
			isa = PBXGroup;
			children = (
				0F8F6C96250A53A100879906 /* Preview Assets.xcassets */,
			);
			path = "Preview Content";
			sourceTree = "<group>";
		};
		0F8F6CA1250A53F400879906 /* View */ = {
			isa = PBXGroup;
			children = (
				0F8F6C91250A539F00879906 /* ContentView.swift */,
				0F4B3AF6250B530500BCB556 /* Tab */,
				19A7EB3DBB30E71B342BBE9F /* Common */,
			);
			path = View;
			sourceTree = "<group>";
		};
		0FD38683250A9D2200877D7D /* Resources */ = {
			isa = PBXGroup;
			children = (
				0F8F6C93250A53A100879906 /* Assets.xcassets */,
				0FD3867E250A837A00877D7D /* PTSans-Bold.ttf */,
				0FD3867D250A837A00877D7D /* PTSans-Regular.ttf */,
			);
			path = Resources;
			sourceTree = "<group>";
		};
		19A7EB3DBB30E71B342BBE9F /* Common */ = {
			isa = PBXGroup;
			children = (
				A89C77EDA6310E1225EA3505 /* UIFont+extension.swift */,
				F46D3C0811B8FEE79BAE1E23 /* Font+extension.swift */,
				6D7F7A1CCA8185878CE03381 /* UIColor+extension.swift */,
				5EF2480241C69680DE1DB6C9 /* Color+extension.swift */,
				9699B6B4BC5AE70448B60F91 /* Image+extension_icons.swift */,
				74A76F1224A08E5793977374 /* Image+extension_illustrations.swift */,
			);
			path = Common;
			sourceTree = "<group>";
		};
		2A604A12EEBA8EC6B46D951E /* Pods */ = {
			isa = PBXGroup;
			children = (
				D0E8661B3837E2164E3CDF6F /* Pods-ExampleSwiftUI.debug.xcconfig */,
				AC8C22E8BA371578896E49F3 /* Pods-ExampleSwiftUI.release.xcconfig */,
			);
			path = Pods;
			sourceTree = "<group>";
		};
		755890E0234C4FCFF90E44FE /* Frameworks */ = {
			isa = PBXGroup;
			children = (
				DA37F45E22AC1BFA63734CC5 /* Pods_ExampleSwiftUI.framework */,
			);
			name = Frameworks;
			sourceTree = "<group>";
		};
/* End PBXGroup section */

/* Begin PBXNativeTarget section */
		0F8F6C89250A539F00879906 /* ExampleSwiftUI */ = {
			isa = PBXNativeTarget;
			buildConfigurationList = 0F8F6C9E250A53A100879906 /* Build configuration list for PBXNativeTarget "ExampleSwiftUI" */;
			buildPhases = (
				7942BE734122B36475024FE7 /* [CP] Check Pods Manifest.lock */,
				0F8F6C86250A539F00879906 /* Sources */,
				0F8F6C87250A539F00879906 /* Frameworks */,
				0F8F6C88250A539F00879906 /* Resources */,
			);
			buildRules = (
			);
			dependencies = (
			);
			name = ExampleSwiftUI;
			productName = ExampleSwiftUI;
			productReference = 0F8F6C8A250A539F00879906 /* ExampleSwiftUI.app */;
			productType = "com.apple.product-type.application";
		};
/* End PBXNativeTarget section */

/* Begin PBXProject section */
		0F8F6C82250A539F00879906 /* Project object */ = {
			isa = PBXProject;
			attributes = {
				LastSwiftUpdateCheck = 1170;
				LastUpgradeCheck = 1170;
				ORGANIZATIONNAME = Redmadrobot;
				TargetAttributes = {
					0F8F6C89250A539F00879906 = {
						CreatedOnToolsVersion = 11.7;
					};
				};
			};
			buildConfigurationList = 0F8F6C85250A539F00879906 /* Build configuration list for PBXProject "ExampleSwiftUI" */;
			compatibilityVersion = "Xcode 9.3";
			developmentRegion = en;
			hasScannedForEncodings = 0;
			knownRegions = (
				en,
				Base,
			);
			mainGroup = 0F8F6C81250A539F00879906;
			productRefGroup = 0F8F6C8B250A539F00879906 /* Products */;
			projectDirPath = "";
			projectRoot = "";
			targets = (
				0F8F6C89250A539F00879906 /* ExampleSwiftUI */,
			);
		};
/* End PBXProject section */

/* Begin PBXResourcesBuildPhase section */
		0F8F6C88250A539F00879906 /* Resources */ = {
			isa = PBXResourcesBuildPhase;
			buildActionMask = 2147483647;
			files = (
				0F8F6C9A250A53A100879906 /* LaunchScreen.storyboard in Resources */,
				0FD38680250A837A00877D7D /* PTSans-Bold.ttf in Resources */,
				0F8F6C97250A53A100879906 /* Preview Assets.xcassets in Resources */,
				0FD3867F250A837A00877D7D /* PTSans-Regular.ttf in Resources */,
				0F8F6C94250A53A100879906 /* Assets.xcassets in Resources */,
			);
			runOnlyForDeploymentPostprocessing = 0;
		};
/* End PBXResourcesBuildPhase section */

/* Begin PBXShellScriptBuildPhase section */
		7942BE734122B36475024FE7 /* [CP] Check Pods Manifest.lock */ = {
			isa = PBXShellScriptBuildPhase;
			buildActionMask = 2147483647;
			files = (
			);
			inputFileListPaths = (
			);
			inputPaths = (
				"${PODS_PODFILE_DIR_PATH}/Podfile.lock",
				"${PODS_ROOT}/Manifest.lock",
			);
			name = "[CP] Check Pods Manifest.lock";
			outputFileListPaths = (
			);
			outputPaths = (
				"$(DERIVED_FILE_DIR)/Pods-ExampleSwiftUI-checkManifestLockResult.txt",
			);
			runOnlyForDeploymentPostprocessing = 0;
			shellPath = /bin/sh;
			shellScript = "diff \"${PODS_PODFILE_DIR_PATH}/Podfile.lock\" \"${PODS_ROOT}/Manifest.lock\" > /dev/null\nif [ $? != 0 ] ; then\n    # print error to STDERR\n    echo \"error: The sandbox is not in sync with the Podfile.lock. Run 'pod install' or update your CocoaPods installation.\" >&2\n    exit 1\nfi\n# This output is used by Xcode 'outputs' to avoid re-running this script phase.\necho \"SUCCESS\" > \"${SCRIPT_OUTPUT_FILE_0}\"\n";
			showEnvVarsInLog = 0;
		};
/* End PBXShellScriptBuildPhase section */

/* Begin PBXSourcesBuildPhase section */
		0F8F6C86250A539F00879906 /* Sources */ = {
			isa = PBXSourcesBuildPhase;
			buildActionMask = 2147483647;
			files = (
				0F8F6C8E250A539F00879906 /* AppDelegate.swift in Sources */,
				0F8F6C90250A539F00879906 /* SceneDelegate.swift in Sources */,
				0F8F6C92250A539F00879906 /* ContentView.swift in Sources */,
				0F68F0FF250B58C4007C0614 /* TabStackedView.swift in Sources */,
				0F68F0FD250B55ED007C0614 /* IllustrationsView.swift in Sources */,
				0F4B3AF8250B532600BCB556 /* IconsView.swift in Sources */,
				0F8F6CA6250A57B100879906 /* ColorsView.swift in Sources */,
				0F8F6CA8250A58D900879906 /* TypographyView.swift in Sources */,
				24F06108CD0560C1B6FAD358 /* UIFont+extension.swift in Sources */,
				1BA6134043D6FD7EDB959061 /* Font+extension.swift in Sources */,
				741C67006CF7E203FB756591 /* UIColor+extension.swift in Sources */,
				46B8556D7CB9F7CA5DD7E907 /* Color+extension.swift in Sources */,
				342F3977C58BAF392D6B502A /* Image+extension_icons.swift in Sources */,
				97E840BB2F4996C49195DBF7 /* Image+extension_illustrations.swift in Sources */,
			);
			runOnlyForDeploymentPostprocessing = 0;
		};
/* End PBXSourcesBuildPhase section */

/* Begin PBXVariantGroup section */
		0F8F6C98250A53A100879906 /* LaunchScreen.storyboard */ = {
			isa = PBXVariantGroup;
			children = (
				0F8F6C99250A53A100879906 /* Base */,
			);
			name = LaunchScreen.storyboard;
			sourceTree = "<group>";
		};
/* End PBXVariantGroup section */

/* Begin XCBuildConfiguration section */
		0F8F6C9C250A53A100879906 /* Debug */ = {
			isa = XCBuildConfiguration;
			buildSettings = {
				ALWAYS_SEARCH_USER_PATHS = NO;
				CLANG_ANALYZER_NONNULL = YES;
				CLANG_ANALYZER_NUMBER_OBJECT_CONVERSION = YES_AGGRESSIVE;
				CLANG_CXX_LANGUAGE_STANDARD = "gnu++14";
				CLANG_CXX_LIBRARY = "libc++";
				CLANG_ENABLE_MODULES = YES;
				CLANG_ENABLE_OBJC_ARC = YES;
				CLANG_ENABLE_OBJC_WEAK = YES;
				CLANG_WARN_BLOCK_CAPTURE_AUTORELEASING = YES;
				CLANG_WARN_BOOL_CONVERSION = YES;
				CLANG_WARN_COMMA = YES;
				CLANG_WARN_CONSTANT_CONVERSION = YES;
				CLANG_WARN_DEPRECATED_OBJC_IMPLEMENTATIONS = YES;
				CLANG_WARN_DIRECT_OBJC_ISA_USAGE = YES_ERROR;
				CLANG_WARN_DOCUMENTATION_COMMENTS = YES;
				CLANG_WARN_EMPTY_BODY = YES;
				CLANG_WARN_ENUM_CONVERSION = YES;
				CLANG_WARN_INFINITE_RECURSION = YES;
				CLANG_WARN_INT_CONVERSION = YES;
				CLANG_WARN_NON_LITERAL_NULL_CONVERSION = YES;
				CLANG_WARN_OBJC_IMPLICIT_RETAIN_SELF = YES;
				CLANG_WARN_OBJC_LITERAL_CONVERSION = YES;
				CLANG_WARN_OBJC_ROOT_CLASS = YES_ERROR;
				CLANG_WARN_RANGE_LOOP_ANALYSIS = YES;
				CLANG_WARN_STRICT_PROTOTYPES = YES;
				CLANG_WARN_SUSPICIOUS_MOVE = YES;
				CLANG_WARN_UNGUARDED_AVAILABILITY = YES_AGGRESSIVE;
				CLANG_WARN_UNREACHABLE_CODE = YES;
				CLANG_WARN__DUPLICATE_METHOD_MATCH = YES;
				COPY_PHASE_STRIP = NO;
				DEBUG_INFORMATION_FORMAT = dwarf;
				ENABLE_STRICT_OBJC_MSGSEND = YES;
				ENABLE_TESTABILITY = YES;
				GCC_C_LANGUAGE_STANDARD = gnu11;
				GCC_DYNAMIC_NO_PIC = NO;
				GCC_NO_COMMON_BLOCKS = YES;
				GCC_OPTIMIZATION_LEVEL = 0;
				GCC_PREPROCESSOR_DEFINITIONS = (
					"DEBUG=1",
					"$(inherited)",
				);
				GCC_WARN_64_TO_32_BIT_CONVERSION = YES;
				GCC_WARN_ABOUT_RETURN_TYPE = YES_ERROR;
				GCC_WARN_UNDECLARED_SELECTOR = YES;
				GCC_WARN_UNINITIALIZED_AUTOS = YES_AGGRESSIVE;
				GCC_WARN_UNUSED_FUNCTION = YES;
				GCC_WARN_UNUSED_VARIABLE = YES;
				IPHONEOS_DEPLOYMENT_TARGET = 13.7;
				MTL_ENABLE_DEBUG_INFO = INCLUDE_SOURCE;
				MTL_FAST_MATH = YES;
				ONLY_ACTIVE_ARCH = YES;
				SDKROOT = iphoneos;
				SWIFT_ACTIVE_COMPILATION_CONDITIONS = DEBUG;
				SWIFT_OPTIMIZATION_LEVEL = "-Onone";
			};
			name = Debug;
		};
		0F8F6C9D250A53A100879906 /* Release */ = {
			isa = XCBuildConfiguration;
			buildSettings = {
				ALWAYS_SEARCH_USER_PATHS = NO;
				CLANG_ANALYZER_NONNULL = YES;
				CLANG_ANALYZER_NUMBER_OBJECT_CONVERSION = YES_AGGRESSIVE;
				CLANG_CXX_LANGUAGE_STANDARD = "gnu++14";
				CLANG_CXX_LIBRARY = "libc++";
				CLANG_ENABLE_MODULES = YES;
				CLANG_ENABLE_OBJC_ARC = YES;
				CLANG_ENABLE_OBJC_WEAK = YES;
				CLANG_WARN_BLOCK_CAPTURE_AUTORELEASING = YES;
				CLANG_WARN_BOOL_CONVERSION = YES;
				CLANG_WARN_COMMA = YES;
				CLANG_WARN_CONSTANT_CONVERSION = YES;
				CLANG_WARN_DEPRECATED_OBJC_IMPLEMENTATIONS = YES;
				CLANG_WARN_DIRECT_OBJC_ISA_USAGE = YES_ERROR;
				CLANG_WARN_DOCUMENTATION_COMMENTS = YES;
				CLANG_WARN_EMPTY_BODY = YES;
				CLANG_WARN_ENUM_CONVERSION = YES;
				CLANG_WARN_INFINITE_RECURSION = YES;
				CLANG_WARN_INT_CONVERSION = YES;
				CLANG_WARN_NON_LITERAL_NULL_CONVERSION = YES;
				CLANG_WARN_OBJC_IMPLICIT_RETAIN_SELF = YES;
				CLANG_WARN_OBJC_LITERAL_CONVERSION = YES;
				CLANG_WARN_OBJC_ROOT_CLASS = YES_ERROR;
				CLANG_WARN_RANGE_LOOP_ANALYSIS = YES;
				CLANG_WARN_STRICT_PROTOTYPES = YES;
				CLANG_WARN_SUSPICIOUS_MOVE = YES;
				CLANG_WARN_UNGUARDED_AVAILABILITY = YES_AGGRESSIVE;
				CLANG_WARN_UNREACHABLE_CODE = YES;
				CLANG_WARN__DUPLICATE_METHOD_MATCH = YES;
				COPY_PHASE_STRIP = NO;
				DEBUG_INFORMATION_FORMAT = "dwarf-with-dsym";
				ENABLE_NS_ASSERTIONS = NO;
				ENABLE_STRICT_OBJC_MSGSEND = YES;
				GCC_C_LANGUAGE_STANDARD = gnu11;
				GCC_NO_COMMON_BLOCKS = YES;
				GCC_WARN_64_TO_32_BIT_CONVERSION = YES;
				GCC_WARN_ABOUT_RETURN_TYPE = YES_ERROR;
				GCC_WARN_UNDECLARED_SELECTOR = YES;
				GCC_WARN_UNINITIALIZED_AUTOS = YES_AGGRESSIVE;
				GCC_WARN_UNUSED_FUNCTION = YES;
				GCC_WARN_UNUSED_VARIABLE = YES;
				IPHONEOS_DEPLOYMENT_TARGET = 13.7;
				MTL_ENABLE_DEBUG_INFO = NO;
				MTL_FAST_MATH = YES;
				SDKROOT = iphoneos;
				SWIFT_COMPILATION_MODE = wholemodule;
				SWIFT_OPTIMIZATION_LEVEL = "-O";
				VALIDATE_PRODUCT = YES;
			};
			name = Release;
		};
		0F8F6C9F250A53A100879906 /* Debug */ = {
			isa = XCBuildConfiguration;
			baseConfigurationReference = D0E8661B3837E2164E3CDF6F /* Pods-ExampleSwiftUI.debug.xcconfig */;
			buildSettings = {
				ASSETCATALOG_COMPILER_APPICON_NAME = AppIcon;
				CODE_SIGN_STYLE = Automatic;
				DEVELOPMENT_ASSET_PATHS = "\"ExampleSwiftUI/Preview Content\"";
				DEVELOPMENT_TEAM = 2P2M2XMCMX;
				ENABLE_PREVIEWS = YES;
				INFOPLIST_FILE = ExampleSwiftUI/Info.plist;
				LD_RUNPATH_SEARCH_PATHS = (
					"$(inherited)",
					"@executable_path/Frameworks",
				);
				PRODUCT_BUNDLE_IDENTIFIER = com.redmadrobot.ExampleSwiftUI;
				PRODUCT_NAME = "$(TARGET_NAME)";
				SWIFT_VERSION = 5.0;
				TARGETED_DEVICE_FAMILY = "1,2";
			};
			name = Debug;
		};
		0F8F6CA0250A53A100879906 /* Release */ = {
			isa = XCBuildConfiguration;
			baseConfigurationReference = AC8C22E8BA371578896E49F3 /* Pods-ExampleSwiftUI.release.xcconfig */;
			buildSettings = {
				ASSETCATALOG_COMPILER_APPICON_NAME = AppIcon;
				CODE_SIGN_STYLE = Automatic;
				DEVELOPMENT_ASSET_PATHS = "\"ExampleSwiftUI/Preview Content\"";
				DEVELOPMENT_TEAM = 2P2M2XMCMX;
				ENABLE_PREVIEWS = YES;
				INFOPLIST_FILE = ExampleSwiftUI/Info.plist;
				LD_RUNPATH_SEARCH_PATHS = (
					"$(inherited)",
					"@executable_path/Frameworks",
				);
				PRODUCT_BUNDLE_IDENTIFIER = com.redmadrobot.ExampleSwiftUI;
				PRODUCT_NAME = "$(TARGET_NAME)";
				SWIFT_VERSION = 5.0;
				TARGETED_DEVICE_FAMILY = "1,2";
			};
			name = Release;
		};
/* End XCBuildConfiguration section */

/* Begin XCConfigurationList section */
		0F8F6C85250A539F00879906 /* Build configuration list for PBXProject "ExampleSwiftUI" */ = {
			isa = XCConfigurationList;
			buildConfigurations = (
				0F8F6C9C250A53A100879906 /* Debug */,
				0F8F6C9D250A53A100879906 /* Release */,
			);
			defaultConfigurationIsVisible = 0;
			defaultConfigurationName = Release;
		};
		0F8F6C9E250A53A100879906 /* Build configuration list for PBXNativeTarget "ExampleSwiftUI" */ = {
			isa = XCConfigurationList;
			buildConfigurations = (
				0F8F6C9F250A53A100879906 /* Debug */,
				0F8F6CA0250A53A100879906 /* Release */,
			);
			defaultConfigurationIsVisible = 0;
			defaultConfigurationName = Release;
		};
/* End XCConfigurationList section */
	};
	rootObject = 0F8F6C82250A539F00879906 /* Project object */;
}
