// !$*UTF8*$!
{
	archiveVersion = 1;
	classes = {
	};
	objectVersion = 50;
	objects = {

/* Begin PBXBuildFile section */
		0F20187024D1B4AF002068B4 /* Main.storyboard in Resources */ = {isa = PBXBuildFile; fileRef = 0F20186E24D1B4AF002068B4 /* Main.storyboard */; };
		0F20187224D1B4B1002068B4 /* Assets.xcassets in Resources */ = {isa = PBXBuildFile; fileRef = 0F20187124D1B4B1002068B4 /* Assets.xcassets */; };
		0F20187524D1B4B1002068B4 /* LaunchScreen.storyboard in Resources */ = {isa = PBXBuildFile; fileRef = 0F20187324D1B4B1002068B4 /* LaunchScreen.storyboard */; };
		0F2C8D6B2AFD881D171A472C /* Pods_Example.framework in Frameworks */ = {isa = PBXBuildFile; fileRef = EE92E0072EBEBC415D106D58 /* Pods_Example.framework */; };
		0F8F6C672507C26900879906 /* PTSans-Bold.ttf in Resources */ = {isa = PBXBuildFile; fileRef = 0F8F6C652507C26600879906 /* PTSans-Bold.ttf */; };
		0F8F6C682507C26900879906 /* PTSans-Regular.ttf in Resources */ = {isa = PBXBuildFile; fileRef = 0F8F6C662507C26600879906 /* PTSans-Regular.ttf */; };
		0F8F6C7225090F4900879906 /* AppDelegate.swift in Sources */ = {isa = PBXBuildFile; fileRef = 0F8F6C6A25090F4900879906 /* AppDelegate.swift */; };
		0F8F6C7425090F4900879906 /* SceneDelegate.swift in Sources */ = {isa = PBXBuildFile; fileRef = 0F8F6C6C25090F4900879906 /* SceneDelegate.swift */; };
		0F8F6C7525090F4900879906 /* SolidButton.swift in Sources */ = {isa = PBXBuildFile; fileRef = 0F8F6C6D25090F4900879906 /* SolidButton.swift */; };
		0FEA0949250CB7AE0065EB81 /* UIColor+extension.swift in Sources */ = {isa = PBXBuildFile; fileRef = 0FEA0948250CB7AE0065EB81 /* UIColor+extension.swift */; };
		0FEA094D250CB7DF0065EB81 /* LabelStyle.swift in Sources */ = {isa = PBXBuildFile; fileRef = 0FEA094A250CB7DF0065EB81 /* LabelStyle.swift */; };
		0FEA094E250CB7DF0065EB81 /* UIFont+extension.swift in Sources */ = {isa = PBXBuildFile; fileRef = 0FEA094B250CB7DF0065EB81 /* UIFont+extension.swift */; };
		0FEA094F250CB7DF0065EB81 /* Label.swift in Sources */ = {isa = PBXBuildFile; fileRef = 0FEA094C250CB7DF0065EB81 /* Label.swift */; };
/* End PBXBuildFile section */

/* Begin PBXFileReference section */
		0F20186524D1B4AF002068B4 /* Example.app */ = {isa = PBXFileReference; explicitFileType = wrapper.application; includeInIndex = 0; path = Example.app; sourceTree = BUILT_PRODUCTS_DIR; };
		0F20186F24D1B4AF002068B4 /* Base */ = {isa = PBXFileReference; lastKnownFileType = file.storyboard; name = Base; path = Base.lproj/Main.storyboard; sourceTree = "<group>"; };
		0F20187124D1B4B1002068B4 /* Assets.xcassets */ = {isa = PBXFileReference; lastKnownFileType = folder.assetcatalog; path = Assets.xcassets; sourceTree = "<group>"; };
		0F20187424D1B4B1002068B4 /* Base */ = {isa = PBXFileReference; lastKnownFileType = file.storyboard; name = Base; path = Base.lproj/LaunchScreen.storyboard; sourceTree = "<group>"; };
		0F20187624D1B4B1002068B4 /* Info.plist */ = {isa = PBXFileReference; lastKnownFileType = text.plist.xml; path = Info.plist; sourceTree = "<group>"; };
		0F8F6C652507C26600879906 /* PTSans-Bold.ttf */ = {isa = PBXFileReference; lastKnownFileType = file; path = "PTSans-Bold.ttf"; sourceTree = "<group>"; };
		0F8F6C662507C26600879906 /* PTSans-Regular.ttf */ = {isa = PBXFileReference; lastKnownFileType = file; path = "PTSans-Regular.ttf"; sourceTree = "<group>"; };
		0F8F6C6A25090F4900879906 /* AppDelegate.swift */ = {isa = PBXFileReference; fileEncoding = 4; lastKnownFileType = sourcecode.swift; path = AppDelegate.swift; sourceTree = "<group>"; };
		0F8F6C6C25090F4900879906 /* SceneDelegate.swift */ = {isa = PBXFileReference; fileEncoding = 4; lastKnownFileType = sourcecode.swift; path = SceneDelegate.swift; sourceTree = "<group>"; };
		0F8F6C6D25090F4900879906 /* SolidButton.swift */ = {isa = PBXFileReference; fileEncoding = 4; lastKnownFileType = sourcecode.swift; path = SolidButton.swift; sourceTree = "<group>"; };
		0FEA0948250CB7AE0065EB81 /* UIColor+extension.swift */ = {isa = PBXFileReference; fileEncoding = 4; lastKnownFileType = sourcecode.swift; path = "UIColor+extension.swift"; sourceTree = "<group>"; };
		0FEA094A250CB7DF0065EB81 /* LabelStyle.swift */ = {isa = PBXFileReference; fileEncoding = 4; lastKnownFileType = sourcecode.swift; path = LabelStyle.swift; sourceTree = "<group>"; };
		0FEA094B250CB7DF0065EB81 /* UIFont+extension.swift */ = {isa = PBXFileReference; fileEncoding = 4; lastKnownFileType = sourcecode.swift; path = "UIFont+extension.swift"; sourceTree = "<group>"; };
		0FEA094C250CB7DF0065EB81 /* Label.swift */ = {isa = PBXFileReference; fileEncoding = 4; lastKnownFileType = sourcecode.swift; path = Label.swift; sourceTree = "<group>"; };
		11966572636132EBFF5F81BB /* Pods-Example.debug.xcconfig */ = {isa = PBXFileReference; includeInIndex = 1; lastKnownFileType = text.xcconfig; name = "Pods-Example.debug.xcconfig"; path = "Target Support Files/Pods-Example/Pods-Example.debug.xcconfig"; sourceTree = "<group>"; };
		C2FF91A431F7153FD4C7A3C3 /* Pods-Example.release.xcconfig */ = {isa = PBXFileReference; includeInIndex = 1; lastKnownFileType = text.xcconfig; name = "Pods-Example.release.xcconfig"; path = "Target Support Files/Pods-Example/Pods-Example.release.xcconfig"; sourceTree = "<group>"; };
		EE92E0072EBEBC415D106D58 /* Pods_Example.framework */ = {isa = PBXFileReference; explicitFileType = wrapper.framework; includeInIndex = 0; path = Pods_Example.framework; sourceTree = BUILT_PRODUCTS_DIR; };
/* End PBXFileReference section */

/* Begin PBXFrameworksBuildPhase section */
		0F20186224D1B4AF002068B4 /* Frameworks */ = {
			isa = PBXFrameworksBuildPhase;
			buildActionMask = 2147483647;
			files = (
				0F2C8D6B2AFD881D171A472C /* Pods_Example.framework in Frameworks */,
			);
			runOnlyForDeploymentPostprocessing = 0;
		};
/* End PBXFrameworksBuildPhase section */

/* Begin PBXGroup section */
		0F20185C24D1B4AF002068B4 = {
			isa = PBXGroup;
			children = (
				0F20186724D1B4AF002068B4 /* Example */,
				0F20186624D1B4AF002068B4 /* Products */,
				17C17A7C8D1AF845B2C30B13 /* Pods */,
				C32585C16F5BA33E985EE69A /* Frameworks */,
			);
			sourceTree = "<group>";
		};
		0F20186624D1B4AF002068B4 /* Products */ = {
			isa = PBXGroup;
			children = (
				0F20186524D1B4AF002068B4 /* Example.app */,
			);
			name = Products;
			sourceTree = "<group>";
		};
		0F20186724D1B4AF002068B4 /* Example */ = {
			isa = PBXGroup;
			children = (
				0F20187C24D1B60A002068B4 /* Source */,
				0F20187F24D1B62C002068B4 /* Resource */,
				0F20186E24D1B4AF002068B4 /* Main.storyboard */,
				0F20187324D1B4B1002068B4 /* LaunchScreen.storyboard */,
				0F20187624D1B4B1002068B4 /* Info.plist */,
			);
			path = Example;
			sourceTree = "<group>";
		};
		0F20187C24D1B60A002068B4 /* Source */ = {
			isa = PBXGroup;
			children = (
				0FEA0948250CB7AE0065EB81 /* UIColor+extension.swift */,
				0F8F6C6A25090F4900879906 /* AppDelegate.swift */,
				0F8F6C6C25090F4900879906 /* SceneDelegate.swift */,
				0F8F6C6D25090F4900879906 /* SolidButton.swift */,
				0FEA094C250CB7DF0065EB81 /* Label.swift */,
				0FEA094A250CB7DF0065EB81 /* LabelStyle.swift */,
				0FEA094B250CB7DF0065EB81 /* UIFont+extension.swift */,
			);
			path = Source;
			sourceTree = "<group>";
		};
		0F20187F24D1B62C002068B4 /* Resource */ = {
			isa = PBXGroup;
			children = (
				0F20187124D1B4B1002068B4 /* Assets.xcassets */,
				0F8F6C652507C26600879906 /* PTSans-Bold.ttf */,
				0F8F6C662507C26600879906 /* PTSans-Regular.ttf */,
			);
			path = Resource;
			sourceTree = "<group>";
		};
		17C17A7C8D1AF845B2C30B13 /* Pods */ = {
			isa = PBXGroup;
			children = (
				11966572636132EBFF5F81BB /* Pods-Example.debug.xcconfig */,
				C2FF91A431F7153FD4C7A3C3 /* Pods-Example.release.xcconfig */,
			);
			path = Pods;
			sourceTree = "<group>";
		};
		C32585C16F5BA33E985EE69A /* Frameworks */ = {
			isa = PBXGroup;
			children = (
				EE92E0072EBEBC415D106D58 /* Pods_Example.framework */,
			);
			name = Frameworks;
			sourceTree = "<group>";
		};
/* End PBXGroup section */

/* Begin PBXNativeTarget section */
		0F20186424D1B4AF002068B4 /* Example */ = {
			isa = PBXNativeTarget;
			buildConfigurationList = 0F20187924D1B4B1002068B4 /* Build configuration list for PBXNativeTarget "Example" */;
			buildPhases = (
				763B3B7231C1F6DA453159C4 /* [CP] Check Pods Manifest.lock */,
				0F20186124D1B4AF002068B4 /* Sources */,
				0F20186224D1B4AF002068B4 /* Frameworks */,
				0F20186324D1B4AF002068B4 /* Resources */,
			);
			buildRules = (
			);
			dependencies = (
			);
			name = Example;
			productName = Example;
			productReference = 0F20186524D1B4AF002068B4 /* Example.app */;
			productType = "com.apple.product-type.application";
		};
/* End PBXNativeTarget section */

/* Begin PBXProject section */
		0F20185D24D1B4AF002068B4 /* Project object */ = {
			isa = PBXProject;
			attributes = {
				LastSwiftUpdateCheck = 1160;
				LastUpgradeCheck = 1160;
				ORGANIZATIONNAME = Redmadrobot;
				TargetAttributes = {
					0F20186424D1B4AF002068B4 = {
						CreatedOnToolsVersion = 11.6;
						LastSwiftMigration = 1170;
					};
				};
			};
			buildConfigurationList = 0F20186024D1B4AF002068B4 /* Build configuration list for PBXProject "Example" */;
			compatibilityVersion = "Xcode 9.3";
			developmentRegion = en;
			hasScannedForEncodings = 0;
			knownRegions = (
				en,
				Base,
			);
			mainGroup = 0F20185C24D1B4AF002068B4;
			productRefGroup = 0F20186624D1B4AF002068B4 /* Products */;
			projectDirPath = "";
			projectRoot = "";
			targets = (
				0F20186424D1B4AF002068B4 /* Example */,
			);
		};
/* End PBXProject section */

/* Begin PBXResourcesBuildPhase section */
		0F20186324D1B4AF002068B4 /* Resources */ = {
			isa = PBXResourcesBuildPhase;
			buildActionMask = 2147483647;
			files = (
				0F20187524D1B4B1002068B4 /* LaunchScreen.storyboard in Resources */,
				0F8F6C682507C26900879906 /* PTSans-Regular.ttf in Resources */,
				0F20187224D1B4B1002068B4 /* Assets.xcassets in Resources */,
				0F8F6C672507C26900879906 /* PTSans-Bold.ttf in Resources */,
				0F20187024D1B4AF002068B4 /* Main.storyboard in Resources */,
			);
			runOnlyForDeploymentPostprocessing = 0;
		};
/* End PBXResourcesBuildPhase section */

/* Begin PBXShellScriptBuildPhase section */
		763B3B7231C1F6DA453159C4 /* [CP] Check Pods Manifest.lock */ = {
			isa = PBXShellScriptBuildPhase;
			buildActionMask = 2147483647;
			files = (
			);
			inputFileListPaths = (
			);
			inputPaths = (
				"${PODS_PODFILE_DIR_PATH}/Podfile.lock",
				"${PODS_ROOT}/Manifest.lock",
			);
			name = "[CP] Check Pods Manifest.lock";
			outputFileListPaths = (
			);
			outputPaths = (
				"$(DERIVED_FILE_DIR)/Pods-Example-checkManifestLockResult.txt",
			);
			runOnlyForDeploymentPostprocessing = 0;
			shellPath = /bin/sh;
			shellScript = "diff \"${PODS_PODFILE_DIR_PATH}/Podfile.lock\" \"${PODS_ROOT}/Manifest.lock\" > /dev/null\nif [ $? != 0 ] ; then\n    # print error to STDERR\n    echo \"error: The sandbox is not in sync with the Podfile.lock. Run 'pod install' or update your CocoaPods installation.\" >&2\n    exit 1\nfi\n# This output is used by Xcode 'outputs' to avoid re-running this script phase.\necho \"SUCCESS\" > \"${SCRIPT_OUTPUT_FILE_0}\"\n";
			showEnvVarsInLog = 0;
		};
/* End PBXShellScriptBuildPhase section */

/* Begin PBXSourcesBuildPhase section */
		0F20186124D1B4AF002068B4 /* Sources */ = {
			isa = PBXSourcesBuildPhase;
			buildActionMask = 2147483647;
			files = (
				0F8F6C7225090F4900879906 /* AppDelegate.swift in Sources */,
				0F8F6C7525090F4900879906 /* SolidButton.swift in Sources */,
				0FEA094D250CB7DF0065EB81 /* LabelStyle.swift in Sources */,
				0FEA0949250CB7AE0065EB81 /* UIColor+extension.swift in Sources */,
				0FEA094E250CB7DF0065EB81 /* UIFont+extension.swift in Sources */,
				0FEA094F250CB7DF0065EB81 /* Label.swift in Sources */,
				0F8F6C7425090F4900879906 /* SceneDelegate.swift in Sources */,
			);
			runOnlyForDeploymentPostprocessing = 0;
		};
/* End PBXSourcesBuildPhase section */

/* Begin PBXVariantGroup section */
		0F20186E24D1B4AF002068B4 /* Main.storyboard */ = {
			isa = PBXVariantGroup;
			children = (
				0F20186F24D1B4AF002068B4 /* Base */,
			);
			name = Main.storyboard;
			sourceTree = "<group>";
		};
		0F20187324D1B4B1002068B4 /* LaunchScreen.storyboard */ = {
			isa = PBXVariantGroup;
			children = (
				0F20187424D1B4B1002068B4 /* Base */,
			);
			name = LaunchScreen.storyboard;
			sourceTree = "<group>";
		};
/* End PBXVariantGroup section */

/* Begin XCBuildConfiguration section */
		0F20187724D1B4B1002068B4 /* Debug */ = {
			isa = XCBuildConfiguration;
			buildSettings = {
				ALWAYS_SEARCH_USER_PATHS = NO;
				CLANG_ANALYZER_NONNULL = YES;
				CLANG_ANALYZER_NUMBER_OBJECT_CONVERSION = YES_AGGRESSIVE;
				CLANG_CXX_LANGUAGE_STANDARD = "gnu++14";
				CLANG_CXX_LIBRARY = "libc++";
				CLANG_ENABLE_MODULES = YES;
				CLANG_ENABLE_OBJC_ARC = YES;
				CLANG_ENABLE_OBJC_WEAK = YES;
				CLANG_WARN_BLOCK_CAPTURE_AUTORELEASING = YES;
				CLANG_WARN_BOOL_CONVERSION = YES;
				CLANG_WARN_COMMA = YES;
				CLANG_WARN_CONSTANT_CONVERSION = YES;
				CLANG_WARN_DEPRECATED_OBJC_IMPLEMENTATIONS = YES;
				CLANG_WARN_DIRECT_OBJC_ISA_USAGE = YES_ERROR;
				CLANG_WARN_DOCUMENTATION_COMMENTS = YES;
				CLANG_WARN_EMPTY_BODY = YES;
				CLANG_WARN_ENUM_CONVERSION = YES;
				CLANG_WARN_INFINITE_RECURSION = YES;
				CLANG_WARN_INT_CONVERSION = YES;
				CLANG_WARN_NON_LITERAL_NULL_CONVERSION = YES;
				CLANG_WARN_OBJC_IMPLICIT_RETAIN_SELF = YES;
				CLANG_WARN_OBJC_LITERAL_CONVERSION = YES;
				CLANG_WARN_OBJC_ROOT_CLASS = YES_ERROR;
				CLANG_WARN_RANGE_LOOP_ANALYSIS = YES;
				CLANG_WARN_STRICT_PROTOTYPES = YES;
				CLANG_WARN_SUSPICIOUS_MOVE = YES;
				CLANG_WARN_UNGUARDED_AVAILABILITY = YES_AGGRESSIVE;
				CLANG_WARN_UNREACHABLE_CODE = YES;
				CLANG_WARN__DUPLICATE_METHOD_MATCH = YES;
				COPY_PHASE_STRIP = NO;
				DEBUG_INFORMATION_FORMAT = dwarf;
				ENABLE_STRICT_OBJC_MSGSEND = YES;
				ENABLE_TESTABILITY = YES;
				GCC_C_LANGUAGE_STANDARD = gnu11;
				GCC_DYNAMIC_NO_PIC = NO;
				GCC_NO_COMMON_BLOCKS = YES;
				GCC_OPTIMIZATION_LEVEL = 0;
				GCC_PREPROCESSOR_DEFINITIONS = (
					"DEBUG=1",
					"$(inherited)",
				);
				GCC_WARN_64_TO_32_BIT_CONVERSION = YES;
				GCC_WARN_ABOUT_RETURN_TYPE = YES_ERROR;
				GCC_WARN_UNDECLARED_SELECTOR = YES;
				GCC_WARN_UNINITIALIZED_AUTOS = YES_AGGRESSIVE;
				GCC_WARN_UNUSED_FUNCTION = YES;
				GCC_WARN_UNUSED_VARIABLE = YES;
				IPHONEOS_DEPLOYMENT_TARGET = 13.0;
				MTL_ENABLE_DEBUG_INFO = INCLUDE_SOURCE;
				MTL_FAST_MATH = YES;
				ONLY_ACTIVE_ARCH = YES;
				SDKROOT = iphoneos;
				SWIFT_ACTIVE_COMPILATION_CONDITIONS = DEBUG;
				SWIFT_OPTIMIZATION_LEVEL = "-Onone";
			};
			name = Debug;
		};
		0F20187824D1B4B1002068B4 /* Release */ = {
			isa = XCBuildConfiguration;
			buildSettings = {
				ALWAYS_SEARCH_USER_PATHS = NO;
				CLANG_ANALYZER_NONNULL = YES;
				CLANG_ANALYZER_NUMBER_OBJECT_CONVERSION = YES_AGGRESSIVE;
				CLANG_CXX_LANGUAGE_STANDARD = "gnu++14";
				CLANG_CXX_LIBRARY = "libc++";
				CLANG_ENABLE_MODULES = YES;
				CLANG_ENABLE_OBJC_ARC = YES;
				CLANG_ENABLE_OBJC_WEAK = YES;
				CLANG_WARN_BLOCK_CAPTURE_AUTORELEASING = YES;
				CLANG_WARN_BOOL_CONVERSION = YES;
				CLANG_WARN_COMMA = YES;
				CLANG_WARN_CONSTANT_CONVERSION = YES;
				CLANG_WARN_DEPRECATED_OBJC_IMPLEMENTATIONS = YES;
				CLANG_WARN_DIRECT_OBJC_ISA_USAGE = YES_ERROR;
				CLANG_WARN_DOCUMENTATION_COMMENTS = YES;
				CLANG_WARN_EMPTY_BODY = YES;
				CLANG_WARN_ENUM_CONVERSION = YES;
				CLANG_WARN_INFINITE_RECURSION = YES;
				CLANG_WARN_INT_CONVERSION = YES;
				CLANG_WARN_NON_LITERAL_NULL_CONVERSION = YES;
				CLANG_WARN_OBJC_IMPLICIT_RETAIN_SELF = YES;
				CLANG_WARN_OBJC_LITERAL_CONVERSION = YES;
				CLANG_WARN_OBJC_ROOT_CLASS = YES_ERROR;
				CLANG_WARN_RANGE_LOOP_ANALYSIS = YES;
				CLANG_WARN_STRICT_PROTOTYPES = YES;
				CLANG_WARN_SUSPICIOUS_MOVE = YES;
				CLANG_WARN_UNGUARDED_AVAILABILITY = YES_AGGRESSIVE;
				CLANG_WARN_UNREACHABLE_CODE = YES;
				CLANG_WARN__DUPLICATE_METHOD_MATCH = YES;
				COPY_PHASE_STRIP = NO;
				DEBUG_INFORMATION_FORMAT = "dwarf-with-dsym";
				ENABLE_NS_ASSERTIONS = NO;
				ENABLE_STRICT_OBJC_MSGSEND = YES;
				GCC_C_LANGUAGE_STANDARD = gnu11;
				GCC_NO_COMMON_BLOCKS = YES;
				GCC_WARN_64_TO_32_BIT_CONVERSION = YES;
				GCC_WARN_ABOUT_RETURN_TYPE = YES_ERROR;
				GCC_WARN_UNDECLARED_SELECTOR = YES;
				GCC_WARN_UNINITIALIZED_AUTOS = YES_AGGRESSIVE;
				GCC_WARN_UNUSED_FUNCTION = YES;
				GCC_WARN_UNUSED_VARIABLE = YES;
				IPHONEOS_DEPLOYMENT_TARGET = 13.0;
				MTL_ENABLE_DEBUG_INFO = NO;
				MTL_FAST_MATH = YES;
				SDKROOT = iphoneos;
				SWIFT_COMPILATION_MODE = wholemodule;
				SWIFT_OPTIMIZATION_LEVEL = "-O";
				VALIDATE_PRODUCT = YES;
			};
			name = Release;
		};
		0F20187A24D1B4B1002068B4 /* Debug */ = {
			isa = XCBuildConfiguration;
			baseConfigurationReference = 11966572636132EBFF5F81BB /* Pods-Example.debug.xcconfig */;
			buildSettings = {
				ASSETCATALOG_COMPILER_APPICON_NAME = AppIcon;
				CLANG_ENABLE_MODULES = YES;
				CODE_SIGN_STYLE = Automatic;
				DEVELOPMENT_TEAM = 2P2M2XMCMX;
				INFOPLIST_FILE = Example/Info.plist;
				IPHONEOS_DEPLOYMENT_TARGET = 13.0;
				LD_RUNPATH_SEARCH_PATHS = (
					"$(inherited)",
					"@executable_path/Frameworks",
				);
				PRODUCT_BUNDLE_IDENTIFIER = com.redmadrobot.Example;
				PRODUCT_NAME = "$(TARGET_NAME)";
				SWIFT_OPTIMIZATION_LEVEL = "-Onone";
				SWIFT_VERSION = 5.0;
				TARGETED_DEVICE_FAMILY = "1,2";
			};
			name = Debug;
		};
		0F20187B24D1B4B1002068B4 /* Release */ = {
			isa = XCBuildConfiguration;
			baseConfigurationReference = C2FF91A431F7153FD4C7A3C3 /* Pods-Example.release.xcconfig */;
			buildSettings = {
				ASSETCATALOG_COMPILER_APPICON_NAME = AppIcon;
				CLANG_ENABLE_MODULES = YES;
				CODE_SIGN_STYLE = Automatic;
				DEVELOPMENT_TEAM = 2P2M2XMCMX;
				INFOPLIST_FILE = Example/Info.plist;
				IPHONEOS_DEPLOYMENT_TARGET = 13.0;
				LD_RUNPATH_SEARCH_PATHS = (
					"$(inherited)",
					"@executable_path/Frameworks",
				);
				PRODUCT_BUNDLE_IDENTIFIER = com.redmadrobot.Example;
				PRODUCT_NAME = "$(TARGET_NAME)";
				SWIFT_VERSION = 5.0;
				TARGETED_DEVICE_FAMILY = "1,2";
			};
			name = Release;
		};
/* End XCBuildConfiguration section */

/* Begin XCConfigurationList section */
		0F20186024D1B4AF002068B4 /* Build configuration list for PBXProject "Example" */ = {
			isa = XCConfigurationList;
			buildConfigurations = (
				0F20187724D1B4B1002068B4 /* Debug */,
				0F20187824D1B4B1002068B4 /* Release */,
			);
			defaultConfigurationIsVisible = 0;
			defaultConfigurationName = Release;
		};
		0F20187924D1B4B1002068B4 /* Build configuration list for PBXNativeTarget "Example" */ = {
			isa = XCConfigurationList;
			buildConfigurations = (
				0F20187A24D1B4B1002068B4 /* Debug */,
				0F20187B24D1B4B1002068B4 /* Release */,
			);
			defaultConfigurationIsVisible = 0;
			defaultConfigurationName = Release;
		};
/* End XCConfigurationList section */
	};
	rootObject = 0F20185D24D1B4AF002068B4 /* Project object */;
}
